
Microsoft Visual Studio Solution File, Format Version 12.00
# Visual Studio Version 16
VisualStudioVersion = 16.0.30804.86
MinimumVisualStudioVersion = 10.0.40219.1
Project("{FAE04EC0-301F-11D3-BF4B-00C04F79EFBC}") = "Tic Tac Toe", "Tic Tac Toe\Tic Tac Toe.csproj", "{69C6B2EA-23F6-43B7-BF86-2BB4CAD684BC}"
EndProject
Global
	GlobalSection(SolutionConfigurationPlatforms) = preSolution
		Debug|Any CPU = Debug|Any CPU
		Release|Any CPU = Release|Any CPU
	EndGlobalSection
	GlobalSection(ProjectConfigurationPlatforms) = postSolution
		{69C6B2EA-23F6-43B7-BF86-2BB4CAD684BC}.Debug|Any CPU.ActiveCfg = Debug|Any CPU
		{69C6B2EA-23F6-43B7-BF86-2BB4CAD684BC}.Debug|Any CPU.Build.0 = Debug|Any CPU
		{69C6B2EA-23F6-43B7-BF86-2BB4CAD684BC}.Release|Any CPU.ActiveCfg = Release|Any CPU
		{69C6B2EA-23F6-43B7-BF86-2BB4CAD684BC}.Release|Any CPU.Build.0 = Release|Any CPU
	EndGlobalSection
	GlobalSection(SolutionProperties) = preSolution
		HideSolutionNode = FALSE
	EndGlobalSection
	GlobalSection(ExtensibilityGlobals) = postSolution
		SolutionGuid = {B740B636-CE15-4D20-89C7-0FFF06138D05}
	EndGlobalSection
EndGlobal
